
Microsoft Visual Studio Solution File, Format Version 12.00
# Visual Studio Version 16
VisualStudioVersion = 16.0.29609.76
MinimumVisualStudioVersion = 10.0.40219.1
Project("{FAE04EC0-301F-11D3-BF4B-00C04F79EFBC}") = "AdvertApi", "AdvertApi.csproj", "{4735BB87-E31B-45D2-98A8-81B7C720DF7D}"
EndProject
Project("{FAE04EC0-301F-11D3-BF4B-00C04F79EFBC}") = "AdvertApi.Models", "..\AdvertApi.Models\AdvertApi.Models.csproj", "{77F9B4F2-A4CA-44E9-95BD-4C7646C369B7}"
EndProject
Global
	GlobalSection(SolutionConfigurationPlatforms) = preSolution
		Debug|Any CPU = Debug|Any CPU
		Release|Any CPU = Release|Any CPU
	EndGlobalSection
	GlobalSection(ProjectConfigurationPlatforms) = postSolution
		{4735BB87-E31B-45D2-98A8-81B7C720DF7D}.Debug|Any CPU.ActiveCfg = Debug|Any CPU
		{4735BB87-E31B-45D2-98A8-81B7C720DF7D}.Debug|Any CPU.Build.0 = Debug|Any CPU
		{4735BB87-E31B-45D2-98A8-81B7C720DF7D}.Release|Any CPU.ActiveCfg = Release|Any CPU
		{4735BB87-E31B-45D2-98A8-81B7C720DF7D}.Release|Any CPU.Build.0 = Release|Any CPU
		{77F9B4F2-A4CA-44E9-95BD-4C7646C369B7}.Debug|Any CPU.ActiveCfg = Debug|Any CPU
		{77F9B4F2-A4CA-44E9-95BD-4C7646C369B7}.Debug|Any CPU.Build.0 = Debug|Any CPU
		{77F9B4F2-A4CA-44E9-95BD-4C7646C369B7}.Release|Any CPU.ActiveCfg = Release|Any CPU
		{77F9B4F2-A4CA-44E9-95BD-4C7646C369B7}.Release|Any CPU.Build.0 = Release|Any CPU
	EndGlobalSection
	GlobalSection(SolutionProperties) = preSolution
		HideSolutionNode = FALSE
	EndGlobalSection
	GlobalSection(ExtensibilityGlobals) = postSolution
		SolutionGuid = {C795756C-838C-4301-97C5-1ADB2E89BBA1}
	EndGlobalSection
EndGlobal
